
Microsoft Visual Studio Solution File, Format Version 12.00
# Visual Studio Version 17
VisualStudioVersion = 17.2.32630.192
MinimumVisualStudioVersion = 10.0.40219.1
Project("{FAE04EC0-301F-11D3-BF4B-00C04F79EFBC}") = "RecordShop", "RecordShop\RecordShop.csproj", "{A6BF2BAC-2612-4689-A573-FB64E73542CE}"
EndProject
Global
	GlobalSection(SolutionConfigurationPlatforms) = preSolution
		Debug|Any CPU = Debug|Any CPU
		Release|Any CPU = Release|Any CPU
	EndGlobalSection
	GlobalSection(ProjectConfigurationPlatforms) = postSolution
		{A6BF2BAC-2612-4689-A573-FB64E73542CE}.Debug|Any CPU.ActiveCfg = Debug|Any CPU
		{A6BF2BAC-2612-4689-A573-FB64E73542CE}.Debug|Any CPU.Build.0 = Debug|Any CPU
		{A6BF2BAC-2612-4689-A573-FB64E73542CE}.Release|Any CPU.ActiveCfg = Release|Any CPU
		{A6BF2BAC-2612-4689-A573-FB64E73542CE}.Release|Any CPU.Build.0 = Release|Any CPU
	EndGlobalSection
	GlobalSection(SolutionProperties) = preSolution
		HideSolutionNode = FALSE
	EndGlobalSection
	GlobalSection(ExtensibilityGlobals) = postSolution
		SolutionGuid = {2B7AAA4C-A610-44F0-BD99-5505817DE5FC}
	EndGlobalSection
EndGlobal
