
Microsoft Visual Studio Solution File, Format Version 12.00
# Visual Studio Version 17
VisualStudioVersion = 17.2.32630.192
MinimumVisualStudioVersion = 10.0.40219.1
Project("{9A19103F-16F7-4668-BE54-9A1E7A4F7556}") = "RecordShop.API", "RecordShop\RecordShop.API.csproj", "{A6BF2BAC-2612-4689-A573-FB64E73542CE}"
	ProjectSection(ProjectDependencies) = postProject
		{35CA4991-8A13-4D1B-A607-65BEDC0B040E} = {35CA4991-8A13-4D1B-A607-65BEDC0B040E}
		{D32CCE10-8DFA-4CF1-9A8C-899E50C8ED00} = {D32CCE10-8DFA-4CF1-9A8C-899E50C8ED00}
		{F7051606-82EB-4CBD-BC5F-F0C1B7A10740} = {F7051606-82EB-4CBD-BC5F-F0C1B7A10740}
	EndProjectSection
EndProject
Project("{9A19103F-16F7-4668-BE54-9A1E7A4F7556}") = "RecordShop.Core", "RecordShop.Core\RecordShop.Core.csproj", "{35CA4991-8A13-4D1B-A607-65BEDC0B040E}"
EndProject
Project("{9A19103F-16F7-4668-BE54-9A1E7A4F7556}") = "RecordShop.Infrastructure", "RecordShop.Infrastructure\RecordShop.Infrastructure.csproj", "{F7051606-82EB-4CBD-BC5F-F0C1B7A10740}"
	ProjectSection(ProjectDependencies) = postProject
		{35CA4991-8A13-4D1B-A607-65BEDC0B040E} = {35CA4991-8A13-4D1B-A607-65BEDC0B040E}
	EndProjectSection
EndProject
Project("{9A19103F-16F7-4668-BE54-9A1E7A4F7556}") = "RecordShop.Application", "RecordShop.Application\RecordShop.Application.csproj", "{D32CCE10-8DFA-4CF1-9A8C-899E50C8ED00}"
EndProject
Global
	GlobalSection(SolutionConfigurationPlatforms) = preSolution
		Debug|Any CPU = Debug|Any CPU
		Release|Any CPU = Release|Any CPU
	EndGlobalSection
	GlobalSection(ProjectConfigurationPlatforms) = postSolution
		{A6BF2BAC-2612-4689-A573-FB64E73542CE}.Debug|Any CPU.ActiveCfg = Debug|Any CPU
		{A6BF2BAC-2612-4689-A573-FB64E73542CE}.Debug|Any CPU.Build.0 = Debug|Any CPU
		{A6BF2BAC-2612-4689-A573-FB64E73542CE}.Release|Any CPU.ActiveCfg = Release|Any CPU
		{A6BF2BAC-2612-4689-A573-FB64E73542CE}.Release|Any CPU.Build.0 = Release|Any CPU
		{35CA4991-8A13-4D1B-A607-65BEDC0B040E}.Debug|Any CPU.ActiveCfg = Debug|Any CPU
		{35CA4991-8A13-4D1B-A607-65BEDC0B040E}.Debug|Any CPU.Build.0 = Debug|Any CPU
		{35CA4991-8A13-4D1B-A607-65BEDC0B040E}.Release|Any CPU.ActiveCfg = Release|Any CPU
		{35CA4991-8A13-4D1B-A607-65BEDC0B040E}.Release|Any CPU.Build.0 = Release|Any CPU
		{F7051606-82EB-4CBD-BC5F-F0C1B7A10740}.Debug|Any CPU.ActiveCfg = Debug|Any CPU
		{F7051606-82EB-4CBD-BC5F-F0C1B7A10740}.Debug|Any CPU.Build.0 = Debug|Any CPU
		{F7051606-82EB-4CBD-BC5F-F0C1B7A10740}.Release|Any CPU.ActiveCfg = Release|Any CPU
		{F7051606-82EB-4CBD-BC5F-F0C1B7A10740}.Release|Any CPU.Build.0 = Release|Any CPU
		{D32CCE10-8DFA-4CF1-9A8C-899E50C8ED00}.Debug|Any CPU.ActiveCfg = Debug|Any CPU
		{D32CCE10-8DFA-4CF1-9A8C-899E50C8ED00}.Debug|Any CPU.Build.0 = Debug|Any CPU
		{D32CCE10-8DFA-4CF1-9A8C-899E50C8ED00}.Release|Any CPU.ActiveCfg = Release|Any CPU
		{D32CCE10-8DFA-4CF1-9A8C-899E50C8ED00}.Release|Any CPU.Build.0 = Release|Any CPU
	EndGlobalSection
	GlobalSection(SolutionProperties) = preSolution
		HideSolutionNode = FALSE
	EndGlobalSection
	GlobalSection(ExtensibilityGlobals) = postSolution
		SolutionGuid = {2B7AAA4C-A610-44F0-BD99-5505817DE5FC}
	EndGlobalSection
EndGlobal
